
Microsoft Visual Studio Solution File, Format Version 12.00
# Visual Studio Version 17
VisualStudioVersion = 17.11.35327.3
MinimumVisualStudioVersion = 10.0.40219.1
Project("{FAE04EC0-301F-11D3-BF4B-00C04F79EFBC}") = "FishingPerfectionHelper", "FishingPerfectionHelper\FishingPerfectionHelper.csproj", "{79713DC7-E38F-438B-ADB9-0CCDDCDEE6DA}"
EndProject
Global
	GlobalSection(SolutionConfigurationPlatforms) = preSolution
		Debug|Any CPU = Debug|Any CPU
		Release|Any CPU = Release|Any CPU
	EndGlobalSection
	GlobalSection(ProjectConfigurationPlatforms) = postSolution
		{79713DC7-E38F-438B-ADB9-0CCDDCDEE6DA}.Debug|Any CPU.ActiveCfg = Debug|Any CPU
		{79713DC7-E38F-438B-ADB9-0CCDDCDEE6DA}.Debug|Any CPU.Build.0 = Debug|Any CPU
		{79713DC7-E38F-438B-ADB9-0CCDDCDEE6DA}.Release|Any CPU.ActiveCfg = Release|Any CPU
		{79713DC7-E38F-438B-ADB9-0CCDDCDEE6DA}.Release|Any CPU.Build.0 = Release|Any CPU
	EndGlobalSection
	GlobalSection(SolutionProperties) = preSolution
		HideSolutionNode = FALSE
	EndGlobalSection
	GlobalSection(ExtensibilityGlobals) = postSolution
		SolutionGuid = {825909A1-8AD3-48AA-9E20-396525DE5059}
	EndGlobalSection
EndGlobal
